// !$*UTF8*$!
{
	archiveVersion = 1;
	classes = {
	};
	objectVersion = 46;
	objects = {

/* Begin PBXBuildFile section */
		860E54EB18AE8CDA00CA8BBB /* NSObject+YOLO.m in Sources */ = {isa = PBXBuildFile; fileRef = 860E54EA18AE8CDA00CA8BBB /* NSObject+YOLO.m */; };
		86E0A715188DB16700BC71FD /* AppKit.framework in Frameworks */ = {isa = PBXBuildFile; fileRef = 86E0A714188DB16700BC71FD /* AppKit.framework */; };
		86E0A717188DB16700BC71FD /* Foundation.framework in Frameworks */ = {isa = PBXBuildFile; fileRef = 86E0A716188DB16700BC71FD /* Foundation.framework */; };
		86E0A71D188DB16700BC71FD /* InfoPlist.strings in Resources */ = {isa = PBXBuildFile; fileRef = 86E0A71B188DB16700BC71FD /* InfoPlist.strings */; };
		86E0A720188DB16700BC71FD /* BBUDebuggerTuckAway.m in Sources */ = {isa = PBXBuildFile; fileRef = 86E0A71F188DB16700BC71FD /* BBUDebuggerTuckAway.m */; };
/* End PBXBuildFile section */

/* Begin PBXFileReference section */
		860E54E918AE8CDA00CA8BBB /* NSObject+YOLO.h */ = {isa = PBXFileReference; fileEncoding = 4; lastKnownFileType = sourcecode.c.h; name = "NSObject+YOLO.h"; path = "contrib/NSObject+YOLO.h"; sourceTree = SOURCE_ROOT; };
		860E54EA18AE8CDA00CA8BBB /* NSObject+YOLO.m */ = {isa = PBXFileReference; fileEncoding = 4; lastKnownFileType = sourcecode.c.objc; name = "NSObject+YOLO.m"; path = "contrib/NSObject+YOLO.m"; sourceTree = SOURCE_ROOT; };
		86E0A711188DB16700BC71FD /* BBUDebuggerTuckAway.xcplugin */ = {isa = PBXFileReference; explicitFileType = wrapper.cfbundle; includeInIndex = 0; path = BBUDebuggerTuckAway.xcplugin; sourceTree = BUILT_PRODUCTS_DIR; };
		86E0A714188DB16700BC71FD /* AppKit.framework */ = {isa = PBXFileReference; lastKnownFileType = wrapper.framework; name = AppKit.framework; path = System/Library/Frameworks/AppKit.framework; sourceTree = SDKROOT; };
		86E0A716188DB16700BC71FD /* Foundation.framework */ = {isa = PBXFileReference; lastKnownFileType = wrapper.framework; name = Foundation.framework; path = System/Library/Frameworks/Foundation.framework; sourceTree = SDKROOT; };
		86E0A71A188DB16700BC71FD /* BBUDebuggerTuckAway-Info.plist */ = {isa = PBXFileReference; lastKnownFileType = text.plist.xml; path = "BBUDebuggerTuckAway-Info.plist"; sourceTree = "<group>"; };
		86E0A71C188DB16700BC71FD /* en */ = {isa = PBXFileReference; lastKnownFileType = text.plist.strings; name = en; path = en.lproj/InfoPlist.strings; sourceTree = "<group>"; };
		86E0A71E188DB16700BC71FD /* BBUDebuggerTuckAway.h */ = {isa = PBXFileReference; lastKnownFileType = sourcecode.c.h; path = BBUDebuggerTuckAway.h; sourceTree = "<group>"; };
		86E0A71F188DB16700BC71FD /* BBUDebuggerTuckAway.m */ = {isa = PBXFileReference; lastKnownFileType = sourcecode.c.objc; path = BBUDebuggerTuckAway.m; sourceTree = "<group>"; };
		86E0A721188DB16700BC71FD /* BBUDebuggerTuckAway-Prefix.pch */ = {isa = PBXFileReference; lastKnownFileType = sourcecode.c.h; path = "BBUDebuggerTuckAway-Prefix.pch"; sourceTree = "<group>"; };
		ACD2257DC9E44767B02E1E09 /* libPods.a */ = {isa = PBXFileReference; explicitFileType = archive.ar; includeInIndex = 0; path = libPods.a; sourceTree = BUILT_PRODUCTS_DIR; };
/* End PBXFileReference section */

/* Begin PBXFrameworksBuildPhase section */
		86E0A70E188DB16700BC71FD /* Frameworks */ = {
			isa = PBXFrameworksBuildPhase;
			buildActionMask = 2147483647;
			files = (
				86E0A715188DB16700BC71FD /* AppKit.framework in Frameworks */,
				86E0A717188DB16700BC71FD /* Foundation.framework in Frameworks */,
			);
			runOnlyForDeploymentPostprocessing = 0;
		};
/* End PBXFrameworksBuildPhase section */

/* Begin PBXGroup section */
		86E0A708188DB16700BC71FD = {
			isa = PBXGroup;
			children = (
				86E0A718188DB16700BC71FD /* BBUDebuggerTuckAway */,
				86E0A713188DB16700BC71FD /* Frameworks */,
				86E0A712188DB16700BC71FD /* Products */,
			);
			sourceTree = "<group>";
		};
		86E0A712188DB16700BC71FD /* Products */ = {
			isa = PBXGroup;
			children = (
				86E0A711188DB16700BC71FD /* BBUDebuggerTuckAway.xcplugin */,
			);
			name = Products;
			sourceTree = "<group>";
		};
		86E0A713188DB16700BC71FD /* Frameworks */ = {
			isa = PBXGroup;
			children = (
				86E0A714188DB16700BC71FD /* AppKit.framework */,
				86E0A716188DB16700BC71FD /* Foundation.framework */,
				ACD2257DC9E44767B02E1E09 /* libPods.a */,
			);
			name = Frameworks;
			sourceTree = "<group>";
		};
		86E0A718188DB16700BC71FD /* BBUDebuggerTuckAway */ = {
			isa = PBXGroup;
			children = (
				86E0A71E188DB16700BC71FD /* BBUDebuggerTuckAway.h */,
				86E0A71F188DB16700BC71FD /* BBUDebuggerTuckAway.m */,
				860E54E918AE8CDA00CA8BBB /* NSObject+YOLO.h */,
				860E54EA18AE8CDA00CA8BBB /* NSObject+YOLO.m */,
				86E0A719188DB16700BC71FD /* Supporting Files */,
			);
			path = BBUDebuggerTuckAway;
			sourceTree = "<group>";
		};
		86E0A719188DB16700BC71FD /* Supporting Files */ = {
			isa = PBXGroup;
			children = (
				86E0A71A188DB16700BC71FD /* BBUDebuggerTuckAway-Info.plist */,
				86E0A721188DB16700BC71FD /* BBUDebuggerTuckAway-Prefix.pch */,
				86E0A71B188DB16700BC71FD /* InfoPlist.strings */,
			);
			name = "Supporting Files";
			sourceTree = "<group>";
		};
/* End PBXGroup section */

/* Begin PBXNativeTarget section */
		86E0A710188DB16700BC71FD /* BBUDebuggerTuckAway */ = {
			isa = PBXNativeTarget;
			buildConfigurationList = 86E0A724188DB16700BC71FD /* Build configuration list for PBXNativeTarget "BBUDebuggerTuckAway" */;
			buildPhases = (
				86E0A70D188DB16700BC71FD /* Sources */,
				86E0A70E188DB16700BC71FD /* Frameworks */,
				86E0A70F188DB16700BC71FD /* Resources */,
			);
			buildRules = (
			);
			dependencies = (
			);
			name = BBUDebuggerTuckAway;
			productName = BBUDebuggerTuckAway;
			productReference = 86E0A711188DB16700BC71FD /* BBUDebuggerTuckAway.xcplugin */;
			productType = "com.apple.product-type.bundle";
		};
/* End PBXNativeTarget section */

/* Begin PBXProject section */
		86E0A709188DB16700BC71FD /* Project object */ = {
			isa = PBXProject;
			attributes = {
				LastUpgradeCheck = 0510;
				ORGANIZATIONNAME = "Boris Bügling";
			};
			buildConfigurationList = 86E0A70C188DB16700BC71FD /* Build configuration list for PBXProject "BBUDebuggerTuckAway" */;
			compatibilityVersion = "Xcode 3.2";
			developmentRegion = English;
			hasScannedForEncodings = 0;
			knownRegions = (
				en,
			);
			mainGroup = 86E0A708188DB16700BC71FD;
			productRefGroup = 86E0A712188DB16700BC71FD /* Products */;
			projectDirPath = "";
			projectRoot = "";
			targets = (
				86E0A710188DB16700BC71FD /* BBUDebuggerTuckAway */,
			);
		};
/* End PBXProject section */

/* Begin PBXResourcesBuildPhase section */
		86E0A70F188DB16700BC71FD /* Resources */ = {
			isa = PBXResourcesBuildPhase;
			buildActionMask = 2147483647;
			files = (
				86E0A71D188DB16700BC71FD /* InfoPlist.strings in Resources */,
			);
			runOnlyForDeploymentPostprocessing = 0;
		};
/* End PBXResourcesBuildPhase section */

/* Begin PBXSourcesBuildPhase section */
		86E0A70D188DB16700BC71FD /* Sources */ = {
			isa = PBXSourcesBuildPhase;
			buildActionMask = 2147483647;
			files = (
				860E54EB18AE8CDA00CA8BBB /* NSObject+YOLO.m in Sources */,
				86E0A720188DB16700BC71FD /* BBUDebuggerTuckAway.m in Sources */,
			);
			runOnlyForDeploymentPostprocessing = 0;
		};
/* End PBXSourcesBuildPhase section */

/* Begin PBXVariantGroup section */
		86E0A71B188DB16700BC71FD /* InfoPlist.strings */ = {
			isa = PBXVariantGroup;
			children = (
				86E0A71C188DB16700BC71FD /* en */,
			);
			name = InfoPlist.strings;
			sourceTree = "<group>";
		};
/* End PBXVariantGroup section */

/* Begin XCBuildConfiguration section */
		86E0A722188DB16700BC71FD /* Debug */ = {
			isa = XCBuildConfiguration;
			buildSettings = {
				ALWAYS_SEARCH_USER_PATHS = NO;
				CLANG_CXX_LANGUAGE_STANDARD = "gnu++0x";
				CLANG_CXX_LIBRARY = "libc++";
				CLANG_ENABLE_OBJC_ARC = YES;
				CLANG_WARN_BOOL_CONVERSION = YES;
				CLANG_WARN_CONSTANT_CONVERSION = YES;
				CLANG_WARN_DIRECT_OBJC_ISA_USAGE = YES_ERROR;
				CLANG_WARN_EMPTY_BODY = YES;
				CLANG_WARN_ENUM_CONVERSION = YES;
				CLANG_WARN_INT_CONVERSION = YES;
				CLANG_WARN_OBJC_ROOT_CLASS = YES_ERROR;
				CLANG_WARN__DUPLICATE_METHOD_MATCH = YES;
				COPY_PHASE_STRIP = NO;
				GCC_C_LANGUAGE_STANDARD = gnu99;
				GCC_DYNAMIC_NO_PIC = NO;
				GCC_ENABLE_OBJC_EXCEPTIONS = YES;
				GCC_OPTIMIZATION_LEVEL = 0;
				GCC_PREPROCESSOR_DEFINITIONS = (
					"DEBUG=1",
					"$(inherited)",
				);
				GCC_SYMBOLS_PRIVATE_EXTERN = NO;
				GCC_WARN_64_TO_32_BIT_CONVERSION = YES;
				GCC_WARN_ABOUT_RETURN_TYPE = YES_ERROR;
				GCC_WARN_UNDECLARED_SELECTOR = YES;
				GCC_WARN_UNINITIALIZED_AUTOS = YES_AGGRESSIVE;
				GCC_WARN_UNUSED_FUNCTION = YES;
				GCC_WARN_UNUSED_VARIABLE = YES;
				MACOSX_DEPLOYMENT_TARGET = 10.8;
				ONLY_ACTIVE_ARCH = YES;
				SDKROOT = macosx;
			};
			name = Debug;
		};
		86E0A723188DB16700BC71FD /* Release */ = {
			isa = XCBuildConfiguration;
			buildSettings = {
				ALWAYS_SEARCH_USER_PATHS = NO;
				CLANG_CXX_LANGUAGE_STANDARD = "gnu++0x";
				CLANG_CXX_LIBRARY = "libc++";
				CLANG_ENABLE_OBJC_ARC = YES;
				CLANG_WARN_BOOL_CONVERSION = YES;
				CLANG_WARN_CONSTANT_CONVERSION = YES;
				CLANG_WARN_DIRECT_OBJC_ISA_USAGE = YES_ERROR;
				CLANG_WARN_EMPTY_BODY = YES;
				CLANG_WARN_ENUM_CONVERSION = YES;
				CLANG_WARN_INT_CONVERSION = YES;
				CLANG_WARN_OBJC_ROOT_CLASS = YES_ERROR;
				CLANG_WARN__DUPLICATE_METHOD_MATCH = YES;
				COPY_PHASE_STRIP = YES;
				DEBUG_INFORMATION_FORMAT = "dwarf-with-dsym";
				ENABLE_NS_ASSERTIONS = NO;
				GCC_C_LANGUAGE_STANDARD = gnu99;
				GCC_ENABLE_OBJC_EXCEPTIONS = YES;
				GCC_WARN_64_TO_32_BIT_CONVERSION = YES;
				GCC_WARN_ABOUT_RETURN_TYPE = YES_ERROR;
				GCC_WARN_UNDECLARED_SELECTOR = YES;
				GCC_WARN_UNINITIALIZED_AUTOS = YES_AGGRESSIVE;
				GCC_WARN_UNUSED_FUNCTION = YES;
				GCC_WARN_UNUSED_VARIABLE = YES;
				MACOSX_DEPLOYMENT_TARGET = 10.8;
				SDKROOT = macosx;
			};
			name = Release;
		};
		86E0A725188DB16700BC71FD /* Debug */ = {
			isa = XCBuildConfiguration;
			buildSettings = {
				COMBINE_HIDPI_IMAGES = YES;
				DEPLOYMENT_LOCATION = YES;
				DSTROOT = "$(HOME)";
				GCC_PRECOMPILE_PREFIX_HEADER = YES;
				GCC_PREFIX_HEADER = "BBUDebuggerTuckAway/BBUDebuggerTuckAway-Prefix.pch";
				INFOPLIST_FILE = "BBUDebuggerTuckAway/BBUDebuggerTuckAway-Info.plist";
				INSTALL_PATH = "/Library/Application Support/Developer/Shared/Xcode/Plug-ins";
				PRODUCT_NAME = "$(TARGET_NAME)";
				WRAPPER_EXTENSION = xcplugin;
			};
			name = Debug;
		};
		86E0A726188DB16700BC71FD /* Release */ = {
			isa = XCBuildConfiguration;
			buildSettings = {
				COMBINE_HIDPI_IMAGES = YES;
				DEPLOYMENT_LOCATION = YES;
				DSTROOT = "$(HOME)";
				GCC_PRECOMPILE_PREFIX_HEADER = YES;
				GCC_PREFIX_HEADER = "BBUDebuggerTuckAway/BBUDebuggerTuckAway-Prefix.pch";
				INFOPLIST_FILE = "BBUDebuggerTuckAway/BBUDebuggerTuckAway-Info.plist";
				INSTALL_PATH = "/Library/Application Support/Developer/Shared/Xcode/Plug-ins";
				PRODUCT_NAME = "$(TARGET_NAME)";
				WRAPPER_EXTENSION = xcplugin;
			};
			name = Release;
		};
/* End XCBuildConfiguration section */

/* Begin XCConfigurationList section */
		86E0A70C188DB16700BC71FD /* Build configuration list for PBXProject "BBUDebuggerTuckAway" */ = {
			isa = XCConfigurationList;
			buildConfigurations = (
				86E0A722188DB16700BC71FD /* Debug */,
				86E0A723188DB16700BC71FD /* Release */,
			);
			defaultConfigurationIsVisible = 0;
			defaultConfigurationName = Release;
		};
		86E0A724188DB16700BC71FD /* Build configuration list for PBXNativeTarget "BBUDebuggerTuckAway" */ = {
			isa = XCConfigurationList;
			buildConfigurations = (
				86E0A725188DB16700BC71FD /* Debug */,
				86E0A726188DB16700BC71FD /* Release */,
			);
			defaultConfigurationIsVisible = 0;
			defaultConfigurationName = Release;
		};
/* End XCConfigurationList section */
	};
	rootObject = 86E0A709188DB16700BC71FD /* Project object */;
}
